
Microsoft Visual Studio Solution File, Format Version 12.00
# Visual Studio Version 16
VisualStudioVersion = 16.0.33130.400
MinimumVisualStudioVersion = 10.0.40219.1
Project("{FAE04EC0-301F-11D3-BF4B-00C04F79EFBC}") = "Profit", "Profit\Profit.csproj", "{5E4CE73E-1168-4293-AFA9-E46F820E61EC}"
EndProject
Global
	GlobalSection(SolutionConfigurationPlatforms) = preSolution
		Debug|Any CPU = Debug|Any CPU
		Release|Any CPU = Release|Any CPU
	EndGlobalSection
	GlobalSection(ProjectConfigurationPlatforms) = postSolution
		{5E4CE73E-1168-4293-AFA9-E46F820E61EC}.Debug|Any CPU.ActiveCfg = Debug|Any CPU
		{5E4CE73E-1168-4293-AFA9-E46F820E61EC}.Debug|Any CPU.Build.0 = Debug|Any CPU
		{5E4CE73E-1168-4293-AFA9-E46F820E61EC}.Release|Any CPU.ActiveCfg = Release|Any CPU
		{5E4CE73E-1168-4293-AFA9-E46F820E61EC}.Release|Any CPU.Build.0 = Release|Any CPU
	EndGlobalSection
	GlobalSection(SolutionProperties) = preSolution
		HideSolutionNode = FALSE
	EndGlobalSection
	GlobalSection(ExtensibilityGlobals) = postSolution
		SolutionGuid = {89243921-500C-4BE7-AA58-E19C0C83304C}
	EndGlobalSection
EndGlobal
